
Microsoft Visual Studio Solution File, Format Version 12.00
# Visual Studio Version 17
VisualStudioVersion = 17.0.31903.59
MinimumVisualStudioVersion = 10.0.40219.1
Project("{FAE04EC0-301F-11D3-BF4B-00C04F79EFBC}") = "ShantiSangha.Api", "ShantiSangha.Api\ShantiSangha.Api.csproj", "{41D9999B-8A23-4E21-B84F-4CA519AB715F}"
EndProject
Project("{FAE04EC0-301F-11D3-BF4B-00C04F79EFBC}") = "ShantiSangha.Shared", "ShantiSangha.Shared\ShantiSangha.Shared.csproj", "{F72D5584-9AD0-47EF-93D7-541C945281E8}"
EndProject
Project("{FAE04EC0-301F-11D3-BF4B-00C04F79EFBC}") = "ShantiSangha.Identity", "ShantiSangha.Identity\ShantiSangha.Identity.csproj", "{BD113F9B-B63D-4785-90B9-B1E98D610CB0}"
EndProject
Project("{FAE04EC0-301F-11D3-BF4B-00C04F79EFBC}") = "ShantiSangha.Goals", "ShantiSangha.Goals\ShantiSangha.Goals.csproj", "{2A0E1AA8-DC36-4242-B188-8489D8417C81}"
EndProject
Project("{FAE04EC0-301F-11D3-BF4B-00C04F79EFBC}") = "ShantiSangha.Chat", "ShantiSangha.Chat\ShantiSangha.Chat.csproj", "{33DA0774-E184-49AB-B59B-77170D4C229E}"
EndProject
Project("{FAE04EC0-301F-11D3-BF4B-00C04F79EFBC}") = "ShantiSangha.Journal", "ShantiSangha.Journal\ShantiSangha.Journal.csproj", "{F78BB8E0-7436-494D-A054-4DFB79E2A9A2}"
EndProject
Project("{FAE04EC0-301F-11D3-BF4B-00C04F79EFBC}") = "ShantiSangha.Wellness", "ShantiSangha.Wellness\ShantiSangha.Wellness.csproj", "{DEE12B56-CE86-4452-A9FE-90DBBFBC4AB9}"
EndProject
Project("{FAE04EC0-301F-11D3-BF4B-00C04F79EFBC}") = "ShantiSangha.Jyotish", "ShantiSangha.Jyotish\ShantiSangha.Jyotish.csproj", "{FE38CAD9-D194-49BF-8876-EE38F9BC4981}"
EndProject
Project("{FAE04EC0-301F-11D3-BF4B-00C04F79EFBC}") = "ShantiSangha.Jyotish.Tests", "ShantiSangha.Jyotish.Tests\ShantiSangha.Jyotish.Tests.csproj", "{FCC92B97-41B5-4E6E-89A3-1D4615EF13A4}"
EndProject
Project("{FAE04EC0-301F-11D3-BF4B-00C04F79EFBC}") = "ShantiSangha.AiEval.Tests", "ShantiSangha.AiEval.Tests\ShantiSangha.AiEval.Tests.csproj", "{A7283ECD-4663-4F1F-BA79-682BED4FF0A5}"
EndProject
Project("{FAE04EC0-301F-11D3-BF4B-00C04F79EFBC}") = "ShantiSangha.Friends", "ShantiSangha.Friends\ShantiSangha.Friends.csproj", "{6D8B4E70-F5A9-4D33-9F3B-7C02E5B72A9D}"
EndProject
Project("{FAE04EC0-301F-11D3-BF4B-00C04F79EFBC}") = "ShantiSangha.Notifications", "ShantiSangha.Notifications\ShantiSangha.Notifications.csproj", "{8FA5D3B7-2C81-4E2A-9C6F-1D72C9A4E8B0}"
EndProject
Global
	GlobalSection(SolutionConfigurationPlatforms) = preSolution
		Debug|Any CPU = Debug|Any CPU
		Release|Any CPU = Release|Any CPU
	EndGlobalSection
	GlobalSection(SolutionProperties) = preSolution
		HideSolutionNode = FALSE
	EndGlobalSection
	GlobalSection(ProjectConfigurationPlatforms) = postSolution
		{41D9999B-8A23-4E21-B84F-4CA519AB715F}.Debug|Any CPU.ActiveCfg = Debug|Any CPU
		{41D9999B-8A23-4E21-B84F-4CA519AB715F}.Debug|Any CPU.Build.0 = Debug|Any CPU
		{41D9999B-8A23-4E21-B84F-4CA519AB715F}.Release|Any CPU.ActiveCfg = Release|Any CPU
		{41D9999B-8A23-4E21-B84F-4CA519AB715F}.Release|Any CPU.Build.0 = Release|Any CPU
		{F72D5584-9AD0-47EF-93D7-541C945281E8}.Debug|Any CPU.ActiveCfg = Debug|Any CPU
		{F72D5584-9AD0-47EF-93D7-541C945281E8}.Debug|Any CPU.Build.0 = Debug|Any CPU
		{F72D5584-9AD0-47EF-93D7-541C945281E8}.Release|Any CPU.ActiveCfg = Release|Any CPU
		{F72D5584-9AD0-47EF-93D7-541C945281E8}.Release|Any CPU.Build.0 = Release|Any CPU
		{BD113F9B-B63D-4785-90B9-B1E98D610CB0}.Debug|Any CPU.ActiveCfg = Debug|Any CPU
		{BD113F9B-B63D-4785-90B9-B1E98D610CB0}.Debug|Any CPU.Build.0 = Debug|Any CPU
		{BD113F9B-B63D-4785-90B9-B1E98D610CB0}.Release|Any CPU.ActiveCfg = Release|Any CPU
		{BD113F9B-B63D-4785-90B9-B1E98D610CB0}.Release|Any CPU.Build.0 = Release|Any CPU
		{2A0E1AA8-DC36-4242-B188-8489D8417C81}.Debug|Any CPU.ActiveCfg = Debug|Any CPU
		{2A0E1AA8-DC36-4242-B188-8489D8417C81}.Debug|Any CPU.Build.0 = Debug|Any CPU
		{2A0E1AA8-DC36-4242-B188-8489D8417C81}.Release|Any CPU.ActiveCfg = Release|Any CPU
		{2A0E1AA8-DC36-4242-B188-8489D8417C81}.Release|Any CPU.Build.0 = Release|Any CPU
		{33DA0774-E184-49AB-B59B-77170D4C229E}.Debug|Any CPU.ActiveCfg = Debug|Any CPU
		{33DA0774-E184-49AB-B59B-77170D4C229E}.Debug|Any CPU.Build.0 = Debug|Any CPU
		{33DA0774-E184-49AB-B59B-77170D4C229E}.Release|Any CPU.ActiveCfg = Release|Any CPU
		{33DA0774-E184-49AB-B59B-77170D4C229E}.Release|Any CPU.Build.0 = Release|Any CPU
		{F78BB8E0-7436-494D-A054-4DFB79E2A9A2}.Debug|Any CPU.ActiveCfg = Debug|Any CPU
		{F78BB8E0-7436-494D-A054-4DFB79E2A9A2}.Debug|Any CPU.Build.0 = Debug|Any CPU
		{F78BB8E0-7436-494D-A054-4DFB79E2A9A2}.Release|Any CPU.ActiveCfg = Release|Any CPU
		{F78BB8E0-7436-494D-A054-4DFB79E2A9A2}.Release|Any CPU.Build.0 = Release|Any CPU
		{DEE12B56-CE86-4452-A9FE-90DBBFBC4AB9}.Debug|Any CPU.ActiveCfg = Debug|Any CPU
		{DEE12B56-CE86-4452-A9FE-90DBBFBC4AB9}.Debug|Any CPU.Build.0 = Debug|Any CPU
		{DEE12B56-CE86-4452-A9FE-90DBBFBC4AB9}.Release|Any CPU.ActiveCfg = Release|Any CPU
		{DEE12B56-CE86-4452-A9FE-90DBBFBC4AB9}.Release|Any CPU.Build.0 = Release|Any CPU
		{FE38CAD9-D194-49BF-8876-EE38F9BC4981}.Debug|Any CPU.ActiveCfg = Debug|Any CPU
		{FE38CAD9-D194-49BF-8876-EE38F9BC4981}.Debug|Any CPU.Build.0 = Debug|Any CPU
		{FE38CAD9-D194-49BF-8876-EE38F9BC4981}.Release|Any CPU.ActiveCfg = Release|Any CPU
		{FE38CAD9-D194-49BF-8876-EE38F9BC4981}.Release|Any CPU.Build.0 = Release|Any CPU
		{FCC92B97-41B5-4E6E-89A3-1D4615EF13A4}.Debug|Any CPU.ActiveCfg = Debug|Any CPU
		{FCC92B97-41B5-4E6E-89A3-1D4615EF13A4}.Debug|Any CPU.Build.0 = Debug|Any CPU
		{FCC92B97-41B5-4E6E-89A3-1D4615EF13A4}.Release|Any CPU.ActiveCfg = Release|Any CPU
		{FCC92B97-41B5-4E6E-89A3-1D4615EF13A4}.Release|Any CPU.Build.0 = Release|Any CPU
		{A7283ECD-4663-4F1F-BA79-682BED4FF0A5}.Debug|Any CPU.ActiveCfg = Debug|Any CPU
		{A7283ECD-4663-4F1F-BA79-682BED4FF0A5}.Debug|Any CPU.Build.0 = Debug|Any CPU
		{A7283ECD-4663-4F1F-BA79-682BED4FF0A5}.Release|Any CPU.ActiveCfg = Release|Any CPU
		{A7283ECD-4663-4F1F-BA79-682BED4FF0A5}.Release|Any CPU.Build.0 = Release|Any CPU
		{6D8B4E70-F5A9-4D33-9F3B-7C02E5B72A9D}.Debug|Any CPU.ActiveCfg = Debug|Any CPU
		{6D8B4E70-F5A9-4D33-9F3B-7C02E5B72A9D}.Debug|Any CPU.Build.0 = Debug|Any CPU
		{6D8B4E70-F5A9-4D33-9F3B-7C02E5B72A9D}.Release|Any CPU.ActiveCfg = Release|Any CPU
		{6D8B4E70-F5A9-4D33-9F3B-7C02E5B72A9D}.Release|Any CPU.Build.0 = Release|Any CPU
		{8FA5D3B7-2C81-4E2A-9C6F-1D72C9A4E8B0}.Debug|Any CPU.ActiveCfg = Debug|Any CPU
		{8FA5D3B7-2C81-4E2A-9C6F-1D72C9A4E8B0}.Debug|Any CPU.Build.0 = Debug|Any CPU
		{8FA5D3B7-2C81-4E2A-9C6F-1D72C9A4E8B0}.Release|Any CPU.ActiveCfg = Release|Any CPU
		{8FA5D3B7-2C81-4E2A-9C6F-1D72C9A4E8B0}.Release|Any CPU.Build.0 = Release|Any CPU
	EndGlobalSection
EndGlobal
