
Microsoft Visual Studio Solution File, Format Version 12.00
# Visual Studio Version 17
VisualStudioVersion = 17.0.31903.59
MinimumVisualStudioVersion = 10.0.40219.1
Project("{FAE04EC0-301F-11D3-BF4B-00C04F79EFBC}") = "ShantiSangha.Api", "ShantiSangha.Api\ShantiSangha.Api.csproj", "{41D9999B-8A23-4E21-B84F-4CA519AB715F}"
EndProject
Project("{FAE04EC0-301F-11D3-BF4B-00C04F79EFBC}") = "ShantiSangha.Core", "ShantiSangha.Core\ShantiSangha.Core.csproj", "{BB083F93-E4D5-4EAE-9AA2-76F4A958C1D2}"
EndProject
Project("{FAE04EC0-301F-11D3-BF4B-00C04F79EFBC}") = "ShantiSangha.Infrastructure", "ShantiSangha.Infrastructure\ShantiSangha.Infrastructure.csproj", "{415323FA-48D0-4B38-ABB9-31F0EC4B30B9}"
EndProject
Global
	GlobalSection(SolutionConfigurationPlatforms) = preSolution
		Debug|Any CPU = Debug|Any CPU
		Release|Any CPU = Release|Any CPU
	EndGlobalSection
	GlobalSection(SolutionProperties) = preSolution
		HideSolutionNode = FALSE
	EndGlobalSection
	GlobalSection(ProjectConfigurationPlatforms) = postSolution
		{41D9999B-8A23-4E21-B84F-4CA519AB715F}.Debug|Any CPU.ActiveCfg = Debug|Any CPU
		{41D9999B-8A23-4E21-B84F-4CA519AB715F}.Debug|Any CPU.Build.0 = Debug|Any CPU
		{41D9999B-8A23-4E21-B84F-4CA519AB715F}.Release|Any CPU.ActiveCfg = Release|Any CPU
		{41D9999B-8A23-4E21-B84F-4CA519AB715F}.Release|Any CPU.Build.0 = Release|Any CPU
		{BB083F93-E4D5-4EAE-9AA2-76F4A958C1D2}.Debug|Any CPU.ActiveCfg = Debug|Any CPU
		{BB083F93-E4D5-4EAE-9AA2-76F4A958C1D2}.Debug|Any CPU.Build.0 = Debug|Any CPU
		{BB083F93-E4D5-4EAE-9AA2-76F4A958C1D2}.Release|Any CPU.ActiveCfg = Release|Any CPU
		{BB083F93-E4D5-4EAE-9AA2-76F4A958C1D2}.Release|Any CPU.Build.0 = Release|Any CPU
		{415323FA-48D0-4B38-ABB9-31F0EC4B30B9}.Debug|Any CPU.ActiveCfg = Debug|Any CPU
		{415323FA-48D0-4B38-ABB9-31F0EC4B30B9}.Debug|Any CPU.Build.0 = Debug|Any CPU
		{415323FA-48D0-4B38-ABB9-31F0EC4B30B9}.Release|Any CPU.ActiveCfg = Release|Any CPU
		{415323FA-48D0-4B38-ABB9-31F0EC4B30B9}.Release|Any CPU.Build.0 = Release|Any CPU
	EndGlobalSection
EndGlobal
