// !$*UTF8*$!
{
	archiveVersion = 1;
	classes = {
	};
	objectVersion = 70;
	objects = {

/* Begin PBXBuildFile section */
		045258ED2F7B107400A03634 /* GoogleSignIn in Frameworks */ = {isa = PBXBuildFile; productRef = 045258EC2F7B107400A03634 /* GoogleSignIn */; };
		045258EF2F7B107400A03634 /* GoogleSignInSwift in Frameworks */ = {isa = PBXBuildFile; productRef = 045258EE2F7B107400A03634 /* GoogleSignInSwift */; };
		045258F22F7B118100A03634 /* FirebaseAuth in Frameworks */ = {isa = PBXBuildFile; productRef = 045258F12F7B118100A03634 /* FirebaseAuth */; };
		045258F42F7B118900A03634 /* FirebaseCore in Frameworks */ = {isa = PBXBuildFile; productRef = 045258F32F7B118900A03634 /* FirebaseCore */; };
		04546F692F8B19B20026D26F /* WidgetKit.framework in Frameworks */ = {isa = PBXBuildFile; fileRef = 04546F682F8B19B20026D26F /* WidgetKit.framework */; };
		04546F6B2F8B19B20026D26F /* SwiftUI.framework in Frameworks */ = {isa = PBXBuildFile; fileRef = 04546F6A2F8B19B20026D26F /* SwiftUI.framework */; };
		04546F7A2F8B19B30026D26F /* ShantiSanghaWidgetExtension.appex in Embed Foundation Extensions */ = {isa = PBXBuildFile; fileRef = 04546F672F8B19B20026D26F /* ShantiSanghaWidgetExtension.appex */; settings = {ATTRIBUTES = (RemoveHeadersOnCopy, ); }; };
		0456C3CF9D12840A26ECAA6C /* FeedbackServiceTests.swift in Sources */ = {isa = PBXBuildFile; fileRef = 95AD8709C353998FDE5BE52E /* FeedbackServiceTests.swift */; };
		046FDCC62F8C0B11003AE52C /* FirebaseMessaging in Frameworks */ = {isa = PBXBuildFile; productRef = 046FDCC52F8C0B11003AE52C /* FirebaseMessaging */; };
		1C6E8B19452EBF1F0FBF377F /* Foundation.framework in Frameworks */ = {isa = PBXBuildFile; fileRef = 608EE11F5A81C4476766F59E /* Foundation.framework */; };
		244EBA0B449278CC7958DB5B /* TaskModelTests.swift in Sources */ = {isa = PBXBuildFile; fileRef = 7A09E248379299BAC76B4CF2 /* TaskModelTests.swift */; };
/* End PBXBuildFile section */

/* Begin PBXContainerItemProxy section */
		04546F782F8B19B30026D26F /* PBXContainerItemProxy */ = {
			isa = PBXContainerItemProxy;
			containerPortal = 04A24D8E2F7AFC1400775F13 /* Project object */;
			proxyType = 1;
			remoteGlobalIDString = 04546F662F8B19B20026D26F;
			remoteInfo = ShantiSanghaWidgetExtension;
		};
		73DF12EFC99BBB3E3ADB394A /* PBXContainerItemProxy */ = {
			isa = PBXContainerItemProxy;
			containerPortal = 04A24D8E2F7AFC1400775F13 /* Project object */;
			proxyType = 1;
			remoteGlobalIDString = 04A24D952F7AFC1400775F13;
			remoteInfo = ShantiSangha;
		};
/* End PBXContainerItemProxy section */

/* Begin PBXCopyFilesBuildPhase section */
		04546F7F2F8B19B30026D26F /* Embed Foundation Extensions */ = {
			isa = PBXCopyFilesBuildPhase;
			buildActionMask = 2147483647;
			dstPath = "";
			dstSubfolderSpec = 13;
			files = (
				04546F7A2F8B19B30026D26F /* ShantiSanghaWidgetExtension.appex in Embed Foundation Extensions */,
			);
			name = "Embed Foundation Extensions";
			runOnlyForDeploymentPostprocessing = 0;
		};
/* End PBXCopyFilesBuildPhase section */

/* Begin PBXFileReference section */
		04546F672F8B19B20026D26F /* ShantiSanghaWidgetExtension.appex */ = {isa = PBXFileReference; explicitFileType = "wrapper.app-extension"; includeInIndex = 0; path = ShantiSanghaWidgetExtension.appex; sourceTree = BUILT_PRODUCTS_DIR; };
		04546F682F8B19B20026D26F /* WidgetKit.framework */ = {isa = PBXFileReference; lastKnownFileType = wrapper.framework; name = WidgetKit.framework; path = System/Library/Frameworks/WidgetKit.framework; sourceTree = SDKROOT; };
		04546F6A2F8B19B20026D26F /* SwiftUI.framework */ = {isa = PBXFileReference; lastKnownFileType = wrapper.framework; name = SwiftUI.framework; path = System/Library/Frameworks/SwiftUI.framework; sourceTree = SDKROOT; };
		04546F802F8B19DC0026D26F /* ShantiSanghaWidgetExtension.entitlements */ = {isa = PBXFileReference; lastKnownFileType = text.plist.entitlements; path = ShantiSanghaWidgetExtension.entitlements; sourceTree = "<group>"; };
		04A24D962F7AFC1400775F13 /* ShantiSangha.app */ = {isa = PBXFileReference; explicitFileType = wrapper.application; includeInIndex = 0; path = ShantiSangha.app; sourceTree = BUILT_PRODUCTS_DIR; };
		608EE11F5A81C4476766F59E /* Foundation.framework */ = {isa = PBXFileReference; lastKnownFileType = wrapper.framework; name = Foundation.framework; path = Platforms/iPhoneOS.platform/Developer/SDKs/iPhoneOS18.0.sdk/System/Library/Frameworks/Foundation.framework; sourceTree = DEVELOPER_DIR; };
		7A09E248379299BAC76B4CF2 /* TaskModelTests.swift */ = {isa = PBXFileReference; includeInIndex = 1; lastKnownFileType = sourcecode.swift; path = TaskModelTests.swift; sourceTree = "<group>"; };
		95AD8709C353998FDE5BE52E /* FeedbackServiceTests.swift */ = {isa = PBXFileReference; includeInIndex = 1; lastKnownFileType = sourcecode.swift; path = FeedbackServiceTests.swift; sourceTree = "<group>"; };
		EB354C813E86D53BA84588A6 /* ShantiSanghaTests.xctest */ = {isa = PBXFileReference; explicitFileType = wrapper.cfbundle; includeInIndex = 0; path = ShantiSanghaTests.xctest; sourceTree = BUILT_PRODUCTS_DIR; };
/* End PBXFileReference section */

/* Begin PBXFileSystemSynchronizedBuildFileExceptionSet section */
		04546F7B2F8B19B30026D26F /* PBXFileSystemSynchronizedBuildFileExceptionSet */ = {
			isa = PBXFileSystemSynchronizedBuildFileExceptionSet;
			membershipExceptions = (
				Info.plist,
			);
			target = 04546F662F8B19B20026D26F /* ShantiSanghaWidgetExtension */;
		};
		04546F862F8B26C40026D26F /* PBXFileSystemSynchronizedBuildFileExceptionSet */ = {
			isa = PBXFileSystemSynchronizedBuildFileExceptionSet;
			membershipExceptions = (
				Shared/WidgetData.swift,
			);
			target = 04546F662F8B19B20026D26F /* ShantiSanghaWidgetExtension */;
		};
/* End PBXFileSystemSynchronizedBuildFileExceptionSet section */

/* Begin PBXFileSystemSynchronizedRootGroup section */
		04546F6C2F8B19B20026D26F /* ShantiSanghaWidget */ = {isa = PBXFileSystemSynchronizedRootGroup; exceptions = (04546F7B2F8B19B30026D26F /* PBXFileSystemSynchronizedBuildFileExceptionSet */, ); explicitFileTypes = {}; explicitFolders = (); path = ShantiSanghaWidget; sourceTree = "<group>"; };
		04A24D982F7AFC1400775F13 /* ShantiSangha */ = {isa = PBXFileSystemSynchronizedRootGroup; exceptions = (04546F862F8B26C40026D26F /* PBXFileSystemSynchronizedBuildFileExceptionSet */, ); explicitFileTypes = {}; explicitFolders = (); path = ShantiSangha; sourceTree = "<group>"; };
/* End PBXFileSystemSynchronizedRootGroup section */

/* Begin PBXFrameworksBuildPhase section */
		04546F642F8B19B20026D26F /* Frameworks */ = {
			isa = PBXFrameworksBuildPhase;
			buildActionMask = 2147483647;
			files = (
				04546F6B2F8B19B20026D26F /* SwiftUI.framework in Frameworks */,
				04546F692F8B19B20026D26F /* WidgetKit.framework in Frameworks */,
			);
			runOnlyForDeploymentPostprocessing = 0;
		};
		04A24D932F7AFC1400775F13 /* Frameworks */ = {
			isa = PBXFrameworksBuildPhase;
			buildActionMask = 2147483647;
			files = (
				045258ED2F7B107400A03634 /* GoogleSignIn in Frameworks */,
				045258F22F7B118100A03634 /* FirebaseAuth in Frameworks */,
				046FDCC62F8C0B11003AE52C /* FirebaseMessaging in Frameworks */,
				045258F42F7B118900A03634 /* FirebaseCore in Frameworks */,
				045258EF2F7B107400A03634 /* GoogleSignInSwift in Frameworks */,
			);
			runOnlyForDeploymentPostprocessing = 0;
		};
		8C700ECEC94264F9D1B10C8B /* Frameworks */ = {
			isa = PBXFrameworksBuildPhase;
			buildActionMask = 2147483647;
			files = (
				1C6E8B19452EBF1F0FBF377F /* Foundation.framework in Frameworks */,
			);
			runOnlyForDeploymentPostprocessing = 0;
		};
/* End PBXFrameworksBuildPhase section */

/* Begin PBXGroup section */
		045258F02F7B118100A03634 /* Frameworks */ = {
			isa = PBXGroup;
			children = (
				96E7420C74145C979CA12D67 /* iOS */,
				04546F682F8B19B20026D26F /* WidgetKit.framework */,
				04546F6A2F8B19B20026D26F /* SwiftUI.framework */,
			);
			name = Frameworks;
			sourceTree = "<group>";
		};
		04A24D8D2F7AFC1400775F13 = {
			isa = PBXGroup;
			children = (
				04546F802F8B19DC0026D26F /* ShantiSanghaWidgetExtension.entitlements */,
				04A24D982F7AFC1400775F13 /* ShantiSangha */,
				04546F6C2F8B19B20026D26F /* ShantiSanghaWidget */,
				045258F02F7B118100A03634 /* Frameworks */,
				04A24D972F7AFC1400775F13 /* Products */,
				AAD30E61CB8C3C0D28AE320A /* ShantiSanghaTests */,
			);
			sourceTree = "<group>";
		};
		04A24D972F7AFC1400775F13 /* Products */ = {
			isa = PBXGroup;
			children = (
				04A24D962F7AFC1400775F13 /* ShantiSangha.app */,
				EB354C813E86D53BA84588A6 /* ShantiSanghaTests.xctest */,
				04546F672F8B19B20026D26F /* ShantiSanghaWidgetExtension.appex */,
			);
			name = Products;
			sourceTree = "<group>";
		};
		96E7420C74145C979CA12D67 /* iOS */ = {
			isa = PBXGroup;
			children = (
				608EE11F5A81C4476766F59E /* Foundation.framework */,
			);
			name = iOS;
			sourceTree = "<group>";
		};
		AAD30E61CB8C3C0D28AE320A /* ShantiSanghaTests */ = {
			isa = PBXGroup;
			children = (
				95AD8709C353998FDE5BE52E /* FeedbackServiceTests.swift */,
				7A09E248379299BAC76B4CF2 /* TaskModelTests.swift */,
			);
			path = ShantiSanghaTests;
			sourceTree = "<group>";
		};
/* End PBXGroup section */

/* Begin PBXNativeTarget section */
		036D118A165478DCC2E12937 /* ShantiSanghaTests */ = {
			isa = PBXNativeTarget;
			buildConfigurationList = 0036C9799539DE1DEA83FC67 /* Build configuration list for PBXNativeTarget "ShantiSanghaTests" */;
			buildPhases = (
				62F98B83E17CC4595D3E8902 /* Sources */,
				8C700ECEC94264F9D1B10C8B /* Frameworks */,
				5CAF04E643C747E4AA5E9AB6 /* Resources */,
			);
			buildRules = (
			);
			dependencies = (
				5DD37EA92576EE2B44565BD1 /* PBXTargetDependency */,
			);
			name = ShantiSanghaTests;
			productName = ShantiSanghaTests;
			productReference = EB354C813E86D53BA84588A6 /* ShantiSanghaTests.xctest */;
			productType = "com.apple.product-type.bundle.unit-test";
		};
		04546F662F8B19B20026D26F /* ShantiSanghaWidgetExtension */ = {
			isa = PBXNativeTarget;
			buildConfigurationList = 04546F7C2F8B19B30026D26F /* Build configuration list for PBXNativeTarget "ShantiSanghaWidgetExtension" */;
			buildPhases = (
				04546F632F8B19B20026D26F /* Sources */,
				04546F642F8B19B20026D26F /* Frameworks */,
				04546F652F8B19B20026D26F /* Resources */,
			);
			buildRules = (
			);
			dependencies = (
			);
			fileSystemSynchronizedGroups = (
				04546F6C2F8B19B20026D26F /* ShantiSanghaWidget */,
			);
			name = ShantiSanghaWidgetExtension;
			packageProductDependencies = (
			);
			productName = ShantiSanghaWidgetExtension;
			productReference = 04546F672F8B19B20026D26F /* ShantiSanghaWidgetExtension.appex */;
			productType = "com.apple.product-type.app-extension";
		};
		04A24D952F7AFC1400775F13 /* ShantiSangha */ = {
			isa = PBXNativeTarget;
			buildConfigurationList = 04A24DA12F7AFC1600775F13 /* Build configuration list for PBXNativeTarget "ShantiSangha" */;
			buildPhases = (
				04A24D922F7AFC1400775F13 /* Sources */,
				04A24D932F7AFC1400775F13 /* Frameworks */,
				04A24D942F7AFC1400775F13 /* Resources */,
				04546F7F2F8B19B30026D26F /* Embed Foundation Extensions */,
			);
			buildRules = (
			);
			dependencies = (
				04546F792F8B19B30026D26F /* PBXTargetDependency */,
			);
			fileSystemSynchronizedGroups = (
				04A24D982F7AFC1400775F13 /* ShantiSangha */,
			);
			name = ShantiSangha;
			packageProductDependencies = (
				045258EC2F7B107400A03634 /* GoogleSignIn */,
				045258EE2F7B107400A03634 /* GoogleSignInSwift */,
				045258F12F7B118100A03634 /* FirebaseAuth */,
				045258F32F7B118900A03634 /* FirebaseCore */,
				046FDCC52F8C0B11003AE52C /* FirebaseMessaging */,
			);
			productName = ShantiSangha;
			productReference = 04A24D962F7AFC1400775F13 /* ShantiSangha.app */;
			productType = "com.apple.product-type.application";
		};
/* End PBXNativeTarget section */

/* Begin PBXProject section */
		04A24D8E2F7AFC1400775F13 /* Project object */ = {
			isa = PBXProject;
			attributes = {
				BuildIndependentTargetsInParallel = 1;
				LastSwiftUpdateCheck = 2640;
				LastUpgradeCheck = 1540;
				TargetAttributes = {
					04546F662F8B19B20026D26F = {
						CreatedOnToolsVersion = 26.4;
					};
					04A24D952F7AFC1400775F13 = {
						CreatedOnToolsVersion = 15.4;
					};
				};
			};
			buildConfigurationList = 04A24D912F7AFC1400775F13 /* Build configuration list for PBXProject "ShantiSangha" */;
			compatibilityVersion = "Xcode 14.0";
			developmentRegion = en;
			hasScannedForEncodings = 0;
			knownRegions = (
				en,
				Base,
			);
			mainGroup = 04A24D8D2F7AFC1400775F13;
			minimizedProjectReferenceProxies = 1;
			packageReferences = (
				045258EA2F7B103200A03634 /* XCRemoteSwiftPackageReference "firebase-ios-sdk" */,
				045258EB2F7B107400A03634 /* XCRemoteSwiftPackageReference "GoogleSignIn-iOS" */,
			);
			productRefGroup = 04A24D972F7AFC1400775F13 /* Products */;
			projectDirPath = "";
			projectRoot = "";
			targets = (
				04A24D952F7AFC1400775F13 /* ShantiSangha */,
				036D118A165478DCC2E12937 /* ShantiSanghaTests */,
				04546F662F8B19B20026D26F /* ShantiSanghaWidgetExtension */,
			);
		};
/* End PBXProject section */

/* Begin PBXResourcesBuildPhase section */
		04546F652F8B19B20026D26F /* Resources */ = {
			isa = PBXResourcesBuildPhase;
			buildActionMask = 2147483647;
			files = (
			);
			runOnlyForDeploymentPostprocessing = 0;
		};
		04A24D942F7AFC1400775F13 /* Resources */ = {
			isa = PBXResourcesBuildPhase;
			buildActionMask = 2147483647;
			files = (
			);
			runOnlyForDeploymentPostprocessing = 0;
		};
		5CAF04E643C747E4AA5E9AB6 /* Resources */ = {
			isa = PBXResourcesBuildPhase;
			buildActionMask = 2147483647;
			files = (
			);
			runOnlyForDeploymentPostprocessing = 0;
		};
/* End PBXResourcesBuildPhase section */

/* Begin PBXSourcesBuildPhase section */
		04546F632F8B19B20026D26F /* Sources */ = {
			isa = PBXSourcesBuildPhase;
			buildActionMask = 2147483647;
			files = (
			);
			runOnlyForDeploymentPostprocessing = 0;
		};
		04A24D922F7AFC1400775F13 /* Sources */ = {
			isa = PBXSourcesBuildPhase;
			buildActionMask = 2147483647;
			files = (
			);
			runOnlyForDeploymentPostprocessing = 0;
		};
		62F98B83E17CC4595D3E8902 /* Sources */ = {
			isa = PBXSourcesBuildPhase;
			buildActionMask = 2147483647;
			files = (
				0456C3CF9D12840A26ECAA6C /* FeedbackServiceTests.swift in Sources */,
				244EBA0B449278CC7958DB5B /* TaskModelTests.swift in Sources */,
			);
			runOnlyForDeploymentPostprocessing = 0;
		};
/* End PBXSourcesBuildPhase section */

/* Begin PBXTargetDependency section */
		04546F792F8B19B30026D26F /* PBXTargetDependency */ = {
			isa = PBXTargetDependency;
			target = 04546F662F8B19B20026D26F /* ShantiSanghaWidgetExtension */;
			targetProxy = 04546F782F8B19B30026D26F /* PBXContainerItemProxy */;
		};
		5DD37EA92576EE2B44565BD1 /* PBXTargetDependency */ = {
			isa = PBXTargetDependency;
			name = ShantiSangha;
			target = 04A24D952F7AFC1400775F13 /* ShantiSangha */;
			targetProxy = 73DF12EFC99BBB3E3ADB394A /* PBXContainerItemProxy */;
		};
/* End PBXTargetDependency section */

/* Begin XCBuildConfiguration section */
		04546F7D2F8B19B30026D26F /* Debug */ = {
			isa = XCBuildConfiguration;
			buildSettings = {
				ASSETCATALOG_COMPILER_GLOBAL_ACCENT_COLOR_NAME = AccentColor;
				ASSETCATALOG_COMPILER_WIDGET_BACKGROUND_COLOR_NAME = WidgetBackground;
				CODE_SIGN_ENTITLEMENTS = ShantiSanghaWidgetExtension.entitlements;
				CODE_SIGN_STYLE = Automatic;
				CURRENT_PROJECT_VERSION = 1;
				DEVELOPMENT_TEAM = BN6WSF9259;
				GENERATE_INFOPLIST_FILE = YES;
				INFOPLIST_FILE = ShantiSanghaWidget/Info.plist;
				INFOPLIST_KEY_CFBundleDisplayName = ShantiSanghaWidget;
				INFOPLIST_KEY_NSHumanReadableCopyright = "";
				IPHONEOS_DEPLOYMENT_TARGET = 17.0;
				LD_RUNPATH_SEARCH_PATHS = (
					"$(inherited)",
					"@executable_path/Frameworks",
					"@executable_path/../../Frameworks",
				);
				MARKETING_VERSION = 1.0;
				PRODUCT_BUNDLE_IDENTIFIER = com.shantisangha.app.ShantiSanghaWidget;
				PRODUCT_NAME = "$(TARGET_NAME)";
				SKIP_INSTALL = YES;
				STRING_CATALOG_GENERATE_SYMBOLS = YES;
				SWIFT_APPROACHABLE_CONCURRENCY = YES;
				SWIFT_EMIT_LOC_STRINGS = YES;
				SWIFT_UPCOMING_FEATURE_MEMBER_IMPORT_VISIBILITY = YES;
				SWIFT_VERSION = 5.0;
				TARGETED_DEVICE_FAMILY = "1,2";
			};
			name = Debug;
		};
		04546F7E2F8B19B30026D26F /* Release */ = {
			isa = XCBuildConfiguration;
			buildSettings = {
				ASSETCATALOG_COMPILER_GLOBAL_ACCENT_COLOR_NAME = AccentColor;
				ASSETCATALOG_COMPILER_WIDGET_BACKGROUND_COLOR_NAME = WidgetBackground;
				CODE_SIGN_ENTITLEMENTS = ShantiSanghaWidgetExtension.entitlements;
				CODE_SIGN_STYLE = Automatic;
				CURRENT_PROJECT_VERSION = 1;
				DEVELOPMENT_TEAM = BN6WSF9259;
				GENERATE_INFOPLIST_FILE = YES;
				INFOPLIST_FILE = ShantiSanghaWidget/Info.plist;
				INFOPLIST_KEY_CFBundleDisplayName = ShantiSanghaWidget;
				INFOPLIST_KEY_NSHumanReadableCopyright = "";
				IPHONEOS_DEPLOYMENT_TARGET = 17.0;
				LD_RUNPATH_SEARCH_PATHS = (
					"$(inherited)",
					"@executable_path/Frameworks",
					"@executable_path/../../Frameworks",
				);
				MARKETING_VERSION = 1.0;
				PRODUCT_BUNDLE_IDENTIFIER = com.shantisangha.app.ShantiSanghaWidget;
				PRODUCT_NAME = "$(TARGET_NAME)";
				SKIP_INSTALL = YES;
				STRING_CATALOG_GENERATE_SYMBOLS = YES;
				SWIFT_APPROACHABLE_CONCURRENCY = YES;
				SWIFT_EMIT_LOC_STRINGS = YES;
				SWIFT_UPCOMING_FEATURE_MEMBER_IMPORT_VISIBILITY = YES;
				SWIFT_VERSION = 5.0;
				TARGETED_DEVICE_FAMILY = "1,2";
			};
			name = Release;
		};
		04A24D9F2F7AFC1600775F13 /* Debug */ = {
			isa = XCBuildConfiguration;
			buildSettings = {
				ALWAYS_SEARCH_USER_PATHS = NO;
				ASSETCATALOG_COMPILER_GENERATE_SWIFT_ASSET_SYMBOL_EXTENSIONS = YES;
				CLANG_ANALYZER_NONNULL = YES;
				CLANG_ANALYZER_NUMBER_OBJECT_CONVERSION = YES_AGGRESSIVE;
				CLANG_CXX_LANGUAGE_STANDARD = "gnu++20";
				CLANG_ENABLE_MODULES = YES;
				CLANG_ENABLE_OBJC_ARC = YES;
				CLANG_ENABLE_OBJC_WEAK = YES;
				CLANG_WARN_BLOCK_CAPTURE_AUTORELEASING = YES;
				CLANG_WARN_BOOL_CONVERSION = YES;
				CLANG_WARN_COMMA = YES;
				CLANG_WARN_CONSTANT_CONVERSION = YES;
				CLANG_WARN_DEPRECATED_OBJC_IMPLEMENTATIONS = YES;
				CLANG_WARN_DIRECT_OBJC_ISA_USAGE = YES_ERROR;
				CLANG_WARN_DOCUMENTATION_COMMENTS = YES;
				CLANG_WARN_EMPTY_BODY = YES;
				CLANG_WARN_ENUM_CONVERSION = YES;
				CLANG_WARN_INFINITE_RECURSION = YES;
				CLANG_WARN_INT_CONVERSION = YES;
				CLANG_WARN_NON_LITERAL_NULL_CONVERSION = YES;
				CLANG_WARN_OBJC_IMPLICIT_RETAIN_SELF = YES;
				CLANG_WARN_OBJC_LITERAL_CONVERSION = YES;
				CLANG_WARN_OBJC_ROOT_CLASS = YES_ERROR;
				CLANG_WARN_QUOTED_INCLUDE_IN_FRAMEWORK_HEADER = YES;
				CLANG_WARN_RANGE_LOOP_ANALYSIS = YES;
				CLANG_WARN_STRICT_PROTOTYPES = YES;
				CLANG_WARN_SUSPICIOUS_MOVE = YES;
				CLANG_WARN_UNGUARDED_AVAILABILITY = YES_AGGRESSIVE;
				CLANG_WARN_UNREACHABLE_CODE = YES;
				CLANG_WARN__DUPLICATE_METHOD_MATCH = YES;
				COPY_PHASE_STRIP = NO;
				DEBUG_INFORMATION_FORMAT = dwarf;
				DEVELOPMENT_TEAM = BN6WSF9259;
				ENABLE_STRICT_OBJC_MSGSEND = YES;
				ENABLE_TESTABILITY = YES;
				ENABLE_USER_SCRIPT_SANDBOXING = YES;
				GCC_C_LANGUAGE_STANDARD = gnu17;
				GCC_DYNAMIC_NO_PIC = NO;
				GCC_NO_COMMON_BLOCKS = YES;
				GCC_OPTIMIZATION_LEVEL = 0;
				GCC_PREPROCESSOR_DEFINITIONS = (
					"DEBUG=1",
					"$(inherited)",
				);
				GCC_WARN_64_TO_32_BIT_CONVERSION = YES;
				GCC_WARN_ABOUT_RETURN_TYPE = YES_ERROR;
				GCC_WARN_UNDECLARED_SELECTOR = YES;
				GCC_WARN_UNINITIALIZED_AUTOS = YES_AGGRESSIVE;
				GCC_WARN_UNUSED_FUNCTION = YES;
				GCC_WARN_UNUSED_VARIABLE = YES;
				IPHONEOS_DEPLOYMENT_TARGET = 17.0;
				LOCALIZATION_PREFERS_STRING_CATALOGS = YES;
				MTL_ENABLE_DEBUG_INFO = INCLUDE_SOURCE;
				MTL_FAST_MATH = YES;
				ONLY_ACTIVE_ARCH = YES;
				SDKROOT = iphoneos;
				SWIFT_ACTIVE_COMPILATION_CONDITIONS = "DEBUG $(inherited)";
				SWIFT_OPTIMIZATION_LEVEL = "-Onone";
			};
			name = Debug;
		};
		04A24DA02F7AFC1600775F13 /* Release */ = {
			isa = XCBuildConfiguration;
			buildSettings = {
				ALWAYS_SEARCH_USER_PATHS = NO;
				ASSETCATALOG_COMPILER_GENERATE_SWIFT_ASSET_SYMBOL_EXTENSIONS = YES;
				CLANG_ANALYZER_NONNULL = YES;
				CLANG_ANALYZER_NUMBER_OBJECT_CONVERSION = YES_AGGRESSIVE;
				CLANG_CXX_LANGUAGE_STANDARD = "gnu++20";
				CLANG_ENABLE_MODULES = YES;
				CLANG_ENABLE_OBJC_ARC = YES;
				CLANG_ENABLE_OBJC_WEAK = YES;
				CLANG_WARN_BLOCK_CAPTURE_AUTORELEASING = YES;
				CLANG_WARN_BOOL_CONVERSION = YES;
				CLANG_WARN_COMMA = YES;
				CLANG_WARN_CONSTANT_CONVERSION = YES;
				CLANG_WARN_DEPRECATED_OBJC_IMPLEMENTATIONS = YES;
				CLANG_WARN_DIRECT_OBJC_ISA_USAGE = YES_ERROR;
				CLANG_WARN_DOCUMENTATION_COMMENTS = YES;
				CLANG_WARN_EMPTY_BODY = YES;
				CLANG_WARN_ENUM_CONVERSION = YES;
				CLANG_WARN_INFINITE_RECURSION = YES;
				CLANG_WARN_INT_CONVERSION = YES;
				CLANG_WARN_NON_LITERAL_NULL_CONVERSION = YES;
				CLANG_WARN_OBJC_IMPLICIT_RETAIN_SELF = YES;
				CLANG_WARN_OBJC_LITERAL_CONVERSION = YES;
				CLANG_WARN_OBJC_ROOT_CLASS = YES_ERROR;
				CLANG_WARN_QUOTED_INCLUDE_IN_FRAMEWORK_HEADER = YES;
				CLANG_WARN_RANGE_LOOP_ANALYSIS = YES;
				CLANG_WARN_STRICT_PROTOTYPES = YES;
				CLANG_WARN_SUSPICIOUS_MOVE = YES;
				CLANG_WARN_UNGUARDED_AVAILABILITY = YES_AGGRESSIVE;
				CLANG_WARN_UNREACHABLE_CODE = YES;
				CLANG_WARN__DUPLICATE_METHOD_MATCH = YES;
				COPY_PHASE_STRIP = NO;
				DEBUG_INFORMATION_FORMAT = "dwarf-with-dsym";
				DEVELOPMENT_TEAM = BN6WSF9259;
				ENABLE_NS_ASSERTIONS = NO;
				ENABLE_STRICT_OBJC_MSGSEND = YES;
				ENABLE_USER_SCRIPT_SANDBOXING = YES;
				GCC_C_LANGUAGE_STANDARD = gnu17;
				GCC_NO_COMMON_BLOCKS = YES;
				GCC_WARN_64_TO_32_BIT_CONVERSION = YES;
				GCC_WARN_ABOUT_RETURN_TYPE = YES_ERROR;
				GCC_WARN_UNDECLARED_SELECTOR = YES;
				GCC_WARN_UNINITIALIZED_AUTOS = YES_AGGRESSIVE;
				GCC_WARN_UNUSED_FUNCTION = YES;
				GCC_WARN_UNUSED_VARIABLE = YES;
				IPHONEOS_DEPLOYMENT_TARGET = 17.0;
				LOCALIZATION_PREFERS_STRING_CATALOGS = YES;
				MTL_ENABLE_DEBUG_INFO = NO;
				MTL_FAST_MATH = YES;
				SDKROOT = iphoneos;
				SWIFT_COMPILATION_MODE = wholemodule;
				VALIDATE_PRODUCT = YES;
			};
			name = Release;
		};
		04A24DA22F7AFC1600775F13 /* Debug */ = {
			isa = XCBuildConfiguration;
			buildSettings = {
				ASSETCATALOG_COMPILER_APPICON_NAME = AppIcon;
				ASSETCATALOG_COMPILER_GLOBAL_ACCENT_COLOR_NAME = AccentColor;
				CODE_SIGN_ENTITLEMENTS = ShantiSangha/ShantiSangha.entitlements;
				CODE_SIGN_STYLE = Automatic;
				CURRENT_PROJECT_VERSION = 1;
				DEVELOPMENT_TEAM = BN6WSF9259;
				ENABLE_PREVIEWS = YES;
				GENERATE_INFOPLIST_FILE = YES;
				INFOPLIST_FILE = Info.plist;
				INFOPLIST_KEY_LSApplicationCategoryType = "public.app-category.productivity";
				INFOPLIST_KEY_UIApplicationSceneManifest_Generation = YES;
				INFOPLIST_KEY_UIApplicationSupportsIndirectInputEvents = YES;
				INFOPLIST_KEY_UILaunchScreen_Generation = YES;
				INFOPLIST_KEY_UISupportedInterfaceOrientations_iPad = "UIInterfaceOrientationPortrait UIInterfaceOrientationPortraitUpsideDown UIInterfaceOrientationLandscapeLeft UIInterfaceOrientationLandscapeRight";
				INFOPLIST_KEY_UISupportedInterfaceOrientations_iPhone = "UIInterfaceOrientationPortrait UIInterfaceOrientationLandscapeLeft UIInterfaceOrientationLandscapeRight";
				LD_RUNPATH_SEARCH_PATHS = (
					"$(inherited)",
					"@executable_path/Frameworks",
				);
				MARKETING_VERSION = 1.0;
				PRODUCT_BUNDLE_IDENTIFIER = com.shantisangha.app;
				PRODUCT_NAME = "$(TARGET_NAME)";
				STRING_CATALOG_GENERATE_SYMBOLS = YES;
				SWIFT_EMIT_LOC_STRINGS = YES;
				SWIFT_VERSION = 5.0;
				TARGETED_DEVICE_FAMILY = "1,2";
			};
			name = Debug;
		};
		04A24DA32F7AFC1600775F13 /* Release */ = {
			isa = XCBuildConfiguration;
			buildSettings = {
				ASSETCATALOG_COMPILER_APPICON_NAME = AppIcon;
				ASSETCATALOG_COMPILER_GLOBAL_ACCENT_COLOR_NAME = AccentColor;
				CODE_SIGN_ENTITLEMENTS = ShantiSangha/ShantiSangha.entitlements;
				CODE_SIGN_STYLE = Automatic;
				CURRENT_PROJECT_VERSION = 1;
				DEVELOPMENT_TEAM = BN6WSF9259;
				ENABLE_PREVIEWS = YES;
				GENERATE_INFOPLIST_FILE = YES;
				INFOPLIST_FILE = Info.plist;
				INFOPLIST_KEY_LSApplicationCategoryType = "public.app-category.productivity";
				INFOPLIST_KEY_UIApplicationSceneManifest_Generation = YES;
				INFOPLIST_KEY_UIApplicationSupportsIndirectInputEvents = YES;
				INFOPLIST_KEY_UILaunchScreen_Generation = YES;
				INFOPLIST_KEY_UISupportedInterfaceOrientations_iPad = "UIInterfaceOrientationPortrait UIInterfaceOrientationPortraitUpsideDown UIInterfaceOrientationLandscapeLeft UIInterfaceOrientationLandscapeRight";
				INFOPLIST_KEY_UISupportedInterfaceOrientations_iPhone = "UIInterfaceOrientationPortrait UIInterfaceOrientationLandscapeLeft UIInterfaceOrientationLandscapeRight";
				LD_RUNPATH_SEARCH_PATHS = (
					"$(inherited)",
					"@executable_path/Frameworks",
				);
				MARKETING_VERSION = 1.0;
				PRODUCT_BUNDLE_IDENTIFIER = com.shantisangha.app;
				PRODUCT_NAME = "$(TARGET_NAME)";
				STRING_CATALOG_GENERATE_SYMBOLS = YES;
				SWIFT_EMIT_LOC_STRINGS = YES;
				SWIFT_VERSION = 5.0;
				TARGETED_DEVICE_FAMILY = "1,2";
			};
			name = Release;
		};
		8FEB45B6A229C4D7C6067556 /* Debug */ = {
			isa = XCBuildConfiguration;
			buildSettings = {
				BUNDLE_LOADER = "$(TEST_HOST)";
				CLANG_ENABLE_OBJC_WEAK = NO;
				CODE_SIGN_STYLE = Automatic;
				DEVELOPMENT_TEAM = "";
				GENERATE_INFOPLIST_FILE = YES;
				IPHONEOS_DEPLOYMENT_TARGET = 17.0;
				PRODUCT_BUNDLE_IDENTIFIER = com.shantisangha.tests;
				PRODUCT_NAME = ShantiSanghaTests;
				SDKROOT = iphoneos;
				SWIFT_VERSION = 5.0;
				TEST_HOST = "$(BUILT_PRODUCTS_DIR)/ShantiSangha.app/$(BUNDLE_EXECUTABLE_FOLDER_PATH)/ShantiSangha";
			};
			name = Debug;
		};
		B43053D139D71A7CA13C9FC1 /* Release */ = {
			isa = XCBuildConfiguration;
			buildSettings = {
				BUNDLE_LOADER = "$(TEST_HOST)";
				CLANG_ENABLE_OBJC_WEAK = NO;
				CODE_SIGN_STYLE = Automatic;
				DEVELOPMENT_TEAM = "";
				GENERATE_INFOPLIST_FILE = YES;
				IPHONEOS_DEPLOYMENT_TARGET = 17.0;
				PRODUCT_BUNDLE_IDENTIFIER = com.shantisangha.tests;
				PRODUCT_NAME = ShantiSanghaTests;
				SDKROOT = iphoneos;
				SWIFT_VERSION = 5.0;
				TEST_HOST = "$(BUILT_PRODUCTS_DIR)/ShantiSangha.app/$(BUNDLE_EXECUTABLE_FOLDER_PATH)/ShantiSangha";
				VALIDATE_PRODUCT = YES;
			};
			name = Release;
		};
/* End XCBuildConfiguration section */

/* Begin XCConfigurationList section */
		0036C9799539DE1DEA83FC67 /* Build configuration list for PBXNativeTarget "ShantiSanghaTests" */ = {
			isa = XCConfigurationList;
			buildConfigurations = (
				B43053D139D71A7CA13C9FC1 /* Release */,
				8FEB45B6A229C4D7C6067556 /* Debug */,
			);
			defaultConfigurationIsVisible = 0;
			defaultConfigurationName = Release;
		};
		04546F7C2F8B19B30026D26F /* Build configuration list for PBXNativeTarget "ShantiSanghaWidgetExtension" */ = {
			isa = XCConfigurationList;
			buildConfigurations = (
				04546F7D2F8B19B30026D26F /* Debug */,
				04546F7E2F8B19B30026D26F /* Release */,
			);
			defaultConfigurationIsVisible = 0;
			defaultConfigurationName = Release;
		};
		04A24D912F7AFC1400775F13 /* Build configuration list for PBXProject "ShantiSangha" */ = {
			isa = XCConfigurationList;
			buildConfigurations = (
				04A24D9F2F7AFC1600775F13 /* Debug */,
				04A24DA02F7AFC1600775F13 /* Release */,
			);
			defaultConfigurationIsVisible = 0;
			defaultConfigurationName = Release;
		};
		04A24DA12F7AFC1600775F13 /* Build configuration list for PBXNativeTarget "ShantiSangha" */ = {
			isa = XCConfigurationList;
			buildConfigurations = (
				04A24DA22F7AFC1600775F13 /* Debug */,
				04A24DA32F7AFC1600775F13 /* Release */,
			);
			defaultConfigurationIsVisible = 0;
			defaultConfigurationName = Release;
		};
/* End XCConfigurationList section */

/* Begin XCRemoteSwiftPackageReference section */
		045258EA2F7B103200A03634 /* XCRemoteSwiftPackageReference "firebase-ios-sdk" */ = {
			isa = XCRemoteSwiftPackageReference;
			repositoryURL = "https://github.com/firebase/firebase-ios-sdk";
			requirement = {
				kind = upToNextMajorVersion;
				minimumVersion = 12.11.0;
			};
		};
		045258EB2F7B107400A03634 /* XCRemoteSwiftPackageReference "GoogleSignIn-iOS" */ = {
			isa = XCRemoteSwiftPackageReference;
			repositoryURL = "https://github.com/google/GoogleSignIn-iOS";
			requirement = {
				kind = upToNextMajorVersion;
				minimumVersion = 9.1.0;
			};
		};
/* End XCRemoteSwiftPackageReference section */

/* Begin XCSwiftPackageProductDependency section */
		045258EC2F7B107400A03634 /* GoogleSignIn */ = {
			isa = XCSwiftPackageProductDependency;
			package = 045258EB2F7B107400A03634 /* XCRemoteSwiftPackageReference "GoogleSignIn-iOS" */;
			productName = GoogleSignIn;
		};
		045258EE2F7B107400A03634 /* GoogleSignInSwift */ = {
			isa = XCSwiftPackageProductDependency;
			package = 045258EB2F7B107400A03634 /* XCRemoteSwiftPackageReference "GoogleSignIn-iOS" */;
			productName = GoogleSignInSwift;
		};
		045258F12F7B118100A03634 /* FirebaseAuth */ = {
			isa = XCSwiftPackageProductDependency;
			package = 045258EA2F7B103200A03634 /* XCRemoteSwiftPackageReference "firebase-ios-sdk" */;
			productName = FirebaseAuth;
		};
		045258F32F7B118900A03634 /* FirebaseCore */ = {
			isa = XCSwiftPackageProductDependency;
			package = 045258EA2F7B103200A03634 /* XCRemoteSwiftPackageReference "firebase-ios-sdk" */;
			productName = FirebaseCore;
		};
		046FDCC52F8C0B11003AE52C /* FirebaseMessaging */ = {
			isa = XCSwiftPackageProductDependency;
			package = 045258EA2F7B103200A03634 /* XCRemoteSwiftPackageReference "firebase-ios-sdk" */;
			productName = FirebaseMessaging;
		};
/* End XCSwiftPackageProductDependency section */
	};
	rootObject = 04A24D8E2F7AFC1400775F13 /* Project object */;
}
